// !$*UTF8*$!
{
	archiveVersion = 1;
	classes = {
	};
	objectVersion = 50;
	objects = {

/* Begin PBXBuildFile section */
		45C243A1249D140E007CBBAD /* AppDelegate.swift in Sources */ = {isa = PBXBuildFile; fileRef = 45C243A0249D140E007CBBAD /* AppDelegate.swift */; };
		45C243A3249D140E007CBBAD /* SceneDelegate.swift in Sources */ = {isa = PBXBuildFile; fileRef = 45C243A2249D140E007CBBAD /* SceneDelegate.swift */; };
		45C243A5249D140E007CBBAD /* ContentView.swift in Sources */ = {isa = PBXBuildFile; fileRef = 45C243A4249D140E007CBBAD /* ContentView.swift */; };
		45C243A7249D140F007CBBAD /* Assets.xcassets in Resources */ = {isa = PBXBuildFile; fileRef = 45C243A6249D140F007CBBAD /* Assets.xcassets */; };
		45C243AA249D140F007CBBAD /* Preview Assets.xcassets in Resources */ = {isa = PBXBuildFile; fileRef = 45C243A9249D140F007CBBAD /* Preview Assets.xcassets */; };
		45C243AD249D140F007CBBAD /* LaunchScreen.storyboard in Resources */ = {isa = PBXBuildFile; fileRef = 45C243AB249D140F007CBBAD /* LaunchScreen.storyboard */; };
/* End PBXBuildFile section */

/* Begin PBXFileReference section */
		45C2439D249D140E007CBBAD /* My Calculator.app */ = {isa = PBXFileReference; explicitFileType = wrapper.application; includeInIndex = 0; path = "My Calculator.app"; sourceTree = BUILT_PRODUCTS_DIR; };
		45C243A0249D140E007CBBAD /* AppDelegate.swift */ = {isa = PBXFileReference; lastKnownFileType = sourcecode.swift; path = AppDelegate.swift; sourceTree = "<group>"; };
		45C243A2249D140E007CBBAD /* SceneDelegate.swift */ = {isa = PBXFileReference; lastKnownFileType = sourcecode.swift; path = SceneDelegate.swift; sourceTree = "<group>"; };
		45C243A4249D140E007CBBAD /* ContentView.swift */ = {isa = PBXFileReference; lastKnownFileType = sourcecode.swift; path = ContentView.swift; sourceTree = "<group>"; };
		45C243A6249D140F007CBBAD /* Assets.xcassets */ = {isa = PBXFileReference; lastKnownFileType = folder.assetcatalog; path = Assets.xcassets; sourceTree = "<group>"; };
		45C243A9249D140F007CBBAD /* Preview Assets.xcassets */ = {isa = PBXFileReference; lastKnownFileType = folder.assetcatalog; path = "Preview Assets.xcassets"; sourceTree = "<group>"; };
		45C243AC249D140F007CBBAD /* Base */ = {isa = PBXFileReference; lastKnownFileType = file.storyboard; name = Base; path = Base.lproj/LaunchScreen.storyboard; sourceTree = "<group>"; };
		45C243AE249D140F007CBBAD /* Info.plist */ = {isa = PBXFileReference; lastKnownFileType = text.plist.xml; path = Info.plist; sourceTree = "<group>"; };
/* End PBXFileReference section */

/* Begin PBXFrameworksBuildPhase section */
		45C2439A249D140E007CBBAD /* Frameworks */ = {
			isa = PBXFrameworksBuildPhase;
			buildActionMask = 2147483647;
			files = (
			);
			runOnlyForDeploymentPostprocessing = 0;
		};
/* End PBXFrameworksBuildPhase section */

/* Begin PBXGroup section */
		45C24394249D140E007CBBAD = {
			isa = PBXGroup;
			children = (
				45C2439F249D140E007CBBAD /* My Calculator */,
				45C2439E249D140E007CBBAD /* Products */,
			);
			sourceTree = "<group>";
		};
		45C2439E249D140E007CBBAD /* Products */ = {
			isa = PBXGroup;
			children = (
				45C2439D249D140E007CBBAD /* My Calculator.app */,
			);
			name = Products;
			sourceTree = "<group>";
		};
		45C2439F249D140E007CBBAD /* My Calculator */ = {
			isa = PBXGroup;
			children = (
				45C243B8249D1808007CBBAD /* Resources */,
				45C243B7249D17DA007CBBAD /* System */,
				45C243B6249D17CC007CBBAD /* View */,
				45C243B5249D17C5007CBBAD /* ViewModel */,
				45C243B4249D17BD007CBBAD /* Model */,
				45C243AE249D140F007CBBAD /* Info.plist */,
				45C243A8249D140F007CBBAD /* Preview Content */,
			);
			path = "My Calculator";
			sourceTree = "<group>";
		};
		45C243A8249D140F007CBBAD /* Preview Content */ = {
			isa = PBXGroup;
			children = (
				45C243A9249D140F007CBBAD /* Preview Assets.xcassets */,
			);
			path = "Preview Content";
			sourceTree = "<group>";
		};
		45C243B4249D17BD007CBBAD /* Model */ = {
			isa = PBXGroup;
			children = (
			);
			path = Model;
			sourceTree = "<group>";
		};
		45C243B5249D17C5007CBBAD /* ViewModel */ = {
			isa = PBXGroup;
			children = (
			);
			path = ViewModel;
			sourceTree = "<group>";
		};
		45C243B6249D17CC007CBBAD /* View */ = {
			isa = PBXGroup;
			children = (
				45C243AB249D140F007CBBAD /* LaunchScreen.storyboard */,
				45C243A4249D140E007CBBAD /* ContentView.swift */,
			);
			path = View;
			sourceTree = "<group>";
		};
		45C243B7249D17DA007CBBAD /* System */ = {
			isa = PBXGroup;
			children = (
				45C243A0249D140E007CBBAD /* AppDelegate.swift */,
				45C243A2249D140E007CBBAD /* SceneDelegate.swift */,
			);
			path = System;
			sourceTree = "<group>";
		};
		45C243B8249D1808007CBBAD /* Resources */ = {
			isa = PBXGroup;
			children = (
				45C243A6249D140F007CBBAD /* Assets.xcassets */,
			);
			path = Resources;
			sourceTree = "<group>";
		};
/* End PBXGroup section */

/* Begin PBXNativeTarget section */
		45C2439C249D140E007CBBAD /* My Calculator */ = {
			isa = PBXNativeTarget;
			buildConfigurationList = 45C243B1249D140F007CBBAD /* Build configuration list for PBXNativeTarget "My Calculator" */;
			buildPhases = (
				45C24399249D140E007CBBAD /* Sources */,
				45C2439A249D140E007CBBAD /* Frameworks */,
				45C2439B249D140E007CBBAD /* Resources */,
			);
			buildRules = (
			);
			dependencies = (
			);
			name = "My Calculator";
			productName = "My Calculator";
			productReference = 45C2439D249D140E007CBBAD /* My Calculator.app */;
			productType = "com.apple.product-type.application";
		};
/* End PBXNativeTarget section */

/* Begin PBXProject section */
		45C24395249D140E007CBBAD /* Project object */ = {
			isa = PBXProject;
			attributes = {
				LastSwiftUpdateCheck = 1150;
				LastUpgradeCheck = 1150;
				ORGANIZATIONNAME = "José Javier Cueto Mejía";
				TargetAttributes = {
					45C2439C249D140E007CBBAD = {
						CreatedOnToolsVersion = 11.5;
					};
				};
			};
			buildConfigurationList = 45C24398249D140E007CBBAD /* Build configuration list for PBXProject "My Calculator" */;
			compatibilityVersion = "Xcode 9.3";
			developmentRegion = en;
			hasScannedForEncodings = 0;
			knownRegions = (
				en,
				Base,
			);
			mainGroup = 45C24394249D140E007CBBAD;
			productRefGroup = 45C2439E249D140E007CBBAD /* Products */;
			projectDirPath = "";
			projectRoot = "";
			targets = (
				45C2439C249D140E007CBBAD /* My Calculator */,
			);
		};
/* End PBXProject section */

/* Begin PBXResourcesBuildPhase section */
		45C2439B249D140E007CBBAD /* Resources */ = {
			isa = PBXResourcesBuildPhase;
			buildActionMask = 2147483647;
			files = (
				45C243AD249D140F007CBBAD /* LaunchScreen.storyboard in Resources */,
				45C243AA249D140F007CBBAD /* Preview Assets.xcassets in Resources */,
				45C243A7249D140F007CBBAD /* Assets.xcassets in Resources */,
			);
			runOnlyForDeploymentPostprocessing = 0;
		};
/* End PBXResourcesBuildPhase section */

/* Begin PBXSourcesBuildPhase section */
		45C24399249D140E007CBBAD /* Sources */ = {
			isa = PBXSourcesBuildPhase;
			buildActionMask = 2147483647;
			files = (
				45C243A1249D140E007CBBAD /* AppDelegate.swift in Sources */,
				45C243A3249D140E007CBBAD /* SceneDelegate.swift in Sources */,
				45C243A5249D140E007CBBAD /* ContentView.swift in Sources */,
			);
			runOnlyForDeploymentPostprocessing = 0;
		};
/* End PBXSourcesBuildPhase section */

/* Begin PBXVariantGroup section */
		45C243AB249D140F007CBBAD /* LaunchScreen.storyboard */ = {
			isa = PBXVariantGroup;
			children = (
				45C243AC249D140F007CBBAD /* Base */,
			);
			name = LaunchScreen.storyboard;
			sourceTree = "<group>";
		};
/* End PBXVariantGroup section */

/* Begin XCBuildConfiguration section */
		45C243AF249D140F007CBBAD /* Debug */ = {
			isa = XCBuildConfiguration;
			buildSettings = {
				ALWAYS_SEARCH_USER_PATHS = NO;
				CLANG_ANALYZER_NONNULL = YES;
				CLANG_ANALYZER_NUMBER_OBJECT_CONVERSION = YES_AGGRESSIVE;
				CLANG_CXX_LANGUAGE_STANDARD = "gnu++14";
				CLANG_CXX_LIBRARY = "libc++";
				CLANG_ENABLE_MODULES = YES;
				CLANG_ENABLE_OBJC_ARC = YES;
				CLANG_ENABLE_OBJC_WEAK = YES;
				CLANG_WARN_BLOCK_CAPTURE_AUTORELEASING = YES;
				CLANG_WARN_BOOL_CONVERSION = YES;
				CLANG_WARN_COMMA = YES;
				CLANG_WARN_CONSTANT_CONVERSION = YES;
				CLANG_WARN_DEPRECATED_OBJC_IMPLEMENTATIONS = YES;
				CLANG_WARN_DIRECT_OBJC_ISA_USAGE = YES_ERROR;
				CLANG_WARN_DOCUMENTATION_COMMENTS = YES;
				CLANG_WARN_EMPTY_BODY = YES;
				CLANG_WARN_ENUM_CONVERSION = YES;
				CLANG_WARN_INFINITE_RECURSION = YES;
				CLANG_WARN_INT_CONVERSION = YES;
				CLANG_WARN_NON_LITERAL_NULL_CONVERSION = YES;
				CLANG_WARN_OBJC_IMPLICIT_RETAIN_SELF = YES;
				CLANG_WARN_OBJC_LITERAL_CONVERSION = YES;
				CLANG_WARN_OBJC_ROOT_CLASS = YES_ERROR;
				CLANG_WARN_RANGE_LOOP_ANALYSIS = YES;
				CLANG_WARN_STRICT_PROTOTYPES = YES;
				CLANG_WARN_SUSPICIOUS_MOVE = YES;
				CLANG_WARN_UNGUARDED_AVAILABILITY = YES_AGGRESSIVE;
				CLANG_WARN_UNREACHABLE_CODE = YES;
				CLANG_WARN__DUPLICATE_METHOD_MATCH = YES;
				COPY_PHASE_STRIP = NO;
				DEBUG_INFORMATION_FORMAT = dwarf;
				ENABLE_STRICT_OBJC_MSGSEND = YES;
				ENABLE_TESTABILITY = YES;
				GCC_C_LANGUAGE_STANDARD = gnu11;
				GCC_DYNAMIC_NO_PIC = NO;
				GCC_NO_COMMON_BLOCKS = YES;
				GCC_OPTIMIZATION_LEVEL = 0;
				GCC_PREPROCESSOR_DEFINITIONS = (
					"DEBUG=1",
					"$(inherited)",
				);
				GCC_WARN_64_TO_32_BIT_CONVERSION = YES;
				GCC_WARN_ABOUT_RETURN_TYPE = YES_ERROR;
				GCC_WARN_UNDECLARED_SELECTOR = YES;
				GCC_WARN_UNINITIALIZED_AUTOS = YES_AGGRESSIVE;
				GCC_WARN_UNUSED_FUNCTION = YES;
				GCC_WARN_UNUSED_VARIABLE = YES;
				IPHONEOS_DEPLOYMENT_TARGET = 13.5;
				MTL_ENABLE_DEBUG_INFO = INCLUDE_SOURCE;
				MTL_FAST_MATH = YES;
				ONLY_ACTIVE_ARCH = YES;
				SDKROOT = iphoneos;
				SWIFT_ACTIVE_COMPILATION_CONDITIONS = DEBUG;
				SWIFT_OPTIMIZATION_LEVEL = "-Onone";
			};
			name = Debug;
		};
		45C243B0249D140F007CBBAD /* Release */ = {
			isa = XCBuildConfiguration;
			buildSettings = {
				ALWAYS_SEARCH_USER_PATHS = NO;
				CLANG_ANALYZER_NONNULL = YES;
				CLANG_ANALYZER_NUMBER_OBJECT_CONVERSION = YES_AGGRESSIVE;
				CLANG_CXX_LANGUAGE_STANDARD = "gnu++14";
				CLANG_CXX_LIBRARY = "libc++";
				CLANG_ENABLE_MODULES = YES;
				CLANG_ENABLE_OBJC_ARC = YES;
				CLANG_ENABLE_OBJC_WEAK = YES;
				CLANG_WARN_BLOCK_CAPTURE_AUTORELEASING = YES;
				CLANG_WARN_BOOL_CONVERSION = YES;
				CLANG_WARN_COMMA = YES;
				CLANG_WARN_CONSTANT_CONVERSION = YES;
				CLANG_WARN_DEPRECATED_OBJC_IMPLEMENTATIONS = YES;
				CLANG_WARN_DIRECT_OBJC_ISA_USAGE = YES_ERROR;
				CLANG_WARN_DOCUMENTATION_COMMENTS = YES;
				CLANG_WARN_EMPTY_BODY = YES;
				CLANG_WARN_ENUM_CONVERSION = YES;
				CLANG_WARN_INFINITE_RECURSION = YES;
				CLANG_WARN_INT_CONVERSION = YES;
				CLANG_WARN_NON_LITERAL_NULL_CONVERSION = YES;
				CLANG_WARN_OBJC_IMPLICIT_RETAIN_SELF = YES;
				CLANG_WARN_OBJC_LITERAL_CONVERSION = YES;
				CLANG_WARN_OBJC_ROOT_CLASS = YES_ERROR;
				CLANG_WARN_RANGE_LOOP_ANALYSIS = YES;
				CLANG_WARN_STRICT_PROTOTYPES = YES;
				CLANG_WARN_SUSPICIOUS_MOVE = YES;
				CLANG_WARN_UNGUARDED_AVAILABILITY = YES_AGGRESSIVE;
				CLANG_WARN_UNREACHABLE_CODE = YES;
				CLANG_WARN__DUPLICATE_METHOD_MATCH = YES;
				COPY_PHASE_STRIP = NO;
				DEBUG_INFORMATION_FORMAT = "dwarf-with-dsym";
				ENABLE_NS_ASSERTIONS = NO;
				ENABLE_STRICT_OBJC_MSGSEND = YES;
				GCC_C_LANGUAGE_STANDARD = gnu11;
				GCC_NO_COMMON_BLOCKS = YES;
				GCC_WARN_64_TO_32_BIT_CONVERSION = YES;
				GCC_WARN_ABOUT_RETURN_TYPE = YES_ERROR;
				GCC_WARN_UNDECLARED_SELECTOR = YES;
				GCC_WARN_UNINITIALIZED_AUTOS = YES_AGGRESSIVE;
				GCC_WARN_UNUSED_FUNCTION = YES;
				GCC_WARN_UNUSED_VARIABLE = YES;
				IPHONEOS_DEPLOYMENT_TARGET = 13.5;
				MTL_ENABLE_DEBUG_INFO = NO;
				MTL_FAST_MATH = YES;
				SDKROOT = iphoneos;
				SWIFT_COMPILATION_MODE = wholemodule;
				SWIFT_OPTIMIZATION_LEVEL = "-O";
				VALIDATE_PRODUCT = YES;
			};
			name = Release;
		};
		45C243B2249D140F007CBBAD /* Debug */ = {
			isa = XCBuildConfiguration;
			buildSettings = {
				ASSETCATALOG_COMPILER_APPICON_NAME = AppIcon;
				CODE_SIGN_STYLE = Automatic;
				DEVELOPMENT_ASSET_PATHS = "\"My Calculator/Preview Content\"";
				DEVELOPMENT_TEAM = TNSM43P2F3;
				ENABLE_PREVIEWS = YES;
				INFOPLIST_FILE = "My Calculator/Info.plist";
				LD_RUNPATH_SEARCH_PATHS = (
					"$(inherited)",
					"@executable_path/Frameworks",
				);
				PRODUCT_BUNDLE_IDENTIFIER = "com.pozolx.My-Calculator";
				PRODUCT_NAME = "$(TARGET_NAME)";
				SWIFT_VERSION = 5.0;
				TARGETED_DEVICE_FAMILY = "1,2";
			};
			name = Debug;
		};
		45C243B3249D140F007CBBAD /* Release */ = {
			isa = XCBuildConfiguration;
			buildSettings = {
				ASSETCATALOG_COMPILER_APPICON_NAME = AppIcon;
				CODE_SIGN_STYLE = Automatic;
				DEVELOPMENT_ASSET_PATHS = "\"My Calculator/Preview Content\"";
				DEVELOPMENT_TEAM = TNSM43P2F3;
				ENABLE_PREVIEWS = YES;
				INFOPLIST_FILE = "My Calculator/Info.plist";
				LD_RUNPATH_SEARCH_PATHS = (
					"$(inherited)",
					"@executable_path/Frameworks",
				);
				PRODUCT_BUNDLE_IDENTIFIER = "com.pozolx.My-Calculator";
				PRODUCT_NAME = "$(TARGET_NAME)";
				SWIFT_VERSION = 5.0;
				TARGETED_DEVICE_FAMILY = "1,2";
			};
			name = Release;
		};
/* End XCBuildConfiguration section */

/* Begin XCConfigurationList section */
		45C24398249D140E007CBBAD /* Build configuration list for PBXProject "My Calculator" */ = {
			isa = XCConfigurationList;
			buildConfigurations = (
				45C243AF249D140F007CBBAD /* Debug */,
				45C243B0249D140F007CBBAD /* Release */,
			);
			defaultConfigurationIsVisible = 0;
			defaultConfigurationName = Release;
		};
		45C243B1249D140F007CBBAD /* Build configuration list for PBXNativeTarget "My Calculator" */ = {
			isa = XCConfigurationList;
			buildConfigurations = (
				45C243B2249D140F007CBBAD /* Debug */,
				45C243B3249D140F007CBBAD /* Release */,
			);
			defaultConfigurationIsVisible = 0;
			defaultConfigurationName = Release;
		};
/* End XCConfigurationList section */
	};
	rootObject = 45C24395249D140E007CBBAD /* Project object */;
}
